
Microsoft Visual Studio Solution File, Format Version 12.00
# Visual Studio Version 17
VisualStudioVersion = 17.9.34616.47
MinimumVisualStudioVersion = 10.0.40219.1
Project("{9A19103F-16F7-4668-BE54-9A1E7A4F7556}") = "SoftCircuits.JavaScriptFormatter", "SoftCircuits.JavaScriptFormatter\SoftCircuits.JavaScriptFormatter.csproj", "{93B870FA-0ACC-49CC-B9C1-B408C9410F6B}"
EndProject
Project("{FAE04EC0-301F-11D3-BF4B-00C04F79EFBC}") = "JavaScriptFormatterApp", "JavaScriptFormatterApp\JavaScriptFormatterApp.csproj", "{33037ED6-C7AD-41D7-9921-9CC987F3D253}"
EndProject
Global
	GlobalSection(SolutionConfigurationPlatforms) = preSolution
		Debug|Any CPU = Debug|Any CPU
		Release|Any CPU = Release|Any CPU
	EndGlobalSection
	GlobalSection(ProjectConfigurationPlatforms) = postSolution
		{93B870FA-0ACC-49CC-B9C1-B408C9410F6B}.Debug|Any CPU.ActiveCfg = Debug|Any CPU
		{93B870FA-0ACC-49CC-B9C1-B408C9410F6B}.Debug|Any CPU.Build.0 = Debug|Any CPU
		{93B870FA-0ACC-49CC-B9C1-B408C9410F6B}.Release|Any CPU.ActiveCfg = Release|Any CPU
		{93B870FA-0ACC-49CC-B9C1-B408C9410F6B}.Release|Any CPU.Build.0 = Release|Any CPU
		{33037ED6-C7AD-41D7-9921-9CC987F3D253}.Debug|Any CPU.ActiveCfg = Debug|Any CPU
		{33037ED6-C7AD-41D7-9921-9CC987F3D253}.Debug|Any CPU.Build.0 = Debug|Any CPU
		{33037ED6-C7AD-41D7-9921-9CC987F3D253}.Release|Any CPU.ActiveCfg = Release|Any CPU
		{33037ED6-C7AD-41D7-9921-9CC987F3D253}.Release|Any CPU.Build.0 = Release|Any CPU
	EndGlobalSection
	GlobalSection(SolutionProperties) = preSolution
		HideSolutionNode = FALSE
	EndGlobalSection
	GlobalSection(ExtensibilityGlobals) = postSolution
		SolutionGuid = {DC3E947F-E3CA-499E-8C72-A0BEC408AB6A}
	EndGlobalSection
EndGlobal
